{
  "nodes": {
    "jolt": {
      "inputs": {
        "makes": "makes",
        "nixpkgs": [
          "nixpkgs"
        ]
      },
      "locked": {
        "lastModified": 1787333652,
        "narHash": "sha256-ZCLWqtp7yjKd3MKZXEzAzDLzH1gADCrHZw/8PjqZrw4=",
        "ref": "refs/heads/main",
        "rev": "8acccbdf3c46e72ed1521adaa2020258c12f9abd",
        "revCount": 2568,
        "submodules": true,
        "type": "git",
        "url": "https://github.com/jolt-lang/jolt.git"
      },
      "original": {
        "submodules": true,
        "type": "git",
        "url": "https://github.com/jolt-lang/jolt.git"
      }
    },
    "makes": {
      "flake": false,
      "locked": {
        "lastModified": 1785480273,
        "narHash": "sha256-/g8O4PW0v3NNChKyrWw/EqpEAUCKiI9/KFE2EiXoUlA=",
        "owner": "makeplus",
        "repo": "makes",
        "rev": "d14cb578c2f04e6f9d00e01c7c4e416a9baf94e9",
        "type": "github"
      },
      "original": {
        "owner": "makeplus",
        "repo": "makes",
        "rev": "d14cb578c2f04e6f9d00e01c7c4e416a9baf94e9",
        "type": "github"
      }
    },
    "nixpkgs": {
      "locked": {
        "lastModified": 1787135253,
        "narHash": "sha256-RD2kNWCG+Bjo6h+JVjWVNntZs2GtRoeY2xHjts/FNkA=",
        "owner": "NixOS",
        "repo": "nixpkgs",
        "rev": "ffb3c9b700e759be2ef13237c9d8f953b32a1e46",
        "type": "github"
      },
      "original": {
        "owner": "NixOS",
        "ref": "nixos-unstable",
        "repo": "nixpkgs",
        "type": "github"
      }
    },
    "root": {
      "inputs": {
        "jolt": "jolt",
        "nixpkgs": "nixpkgs"
      }
    }
  },
  "root": "root",
  "version": 7
}
